
Microsoft Visual Studio Solution File, Format Version 12.00
# Visual Studio Version 17
VisualStudioVersion = 17.0.32112.339
MinimumVisualStudioVersion = 10.0.40219.1
Project("{FAE04EC0-301F-11D3-BF4B-00C04F79EFBC}") = "DesignPatterns", "DesignPatterns\DesignPatterns.csproj", "{331D06A2-7917-4DD0-BF0E-CBACBE6B397A}"
EndProject
Global
	GlobalSection(SolutionConfigurationPlatforms) = preSolution
		Debug|Any CPU = Debug|Any CPU
		Release|Any CPU = Release|Any CPU
	EndGlobalSection
	GlobalSection(ProjectConfigurationPlatforms) = postSolution
		{331D06A2-7917-4DD0-BF0E-CBACBE6B397A}.Debug|Any CPU.ActiveCfg = Debug|Any CPU
		{331D06A2-7917-4DD0-BF0E-CBACBE6B397A}.Debug|Any CPU.Build.0 = Debug|Any CPU
		{331D06A2-7917-4DD0-BF0E-CBACBE6B397A}.Release|Any CPU.ActiveCfg = Release|Any CPU
		{331D06A2-7917-4DD0-BF0E-CBACBE6B397A}.Release|Any CPU.Build.0 = Release|Any CPU
	EndGlobalSection
	GlobalSection(SolutionProperties) = preSolution
		HideSolutionNode = FALSE
	EndGlobalSection
	GlobalSection(ExtensibilityGlobals) = postSolution
		SolutionGuid = {F6A5D9C3-8FCF-4D4F-B85E-EB14B546E831}
	EndGlobalSection
EndGlobal
